
Microsoft Visual Studio Solution File, Format Version 12.00
# Visual Studio Version 17
VisualStudioVersion = 17.3.32819.101
MinimumVisualStudioVersion = 10.0.40219.1
Project("{FAE04EC0-301F-11D3-BF4B-00C04F79EFBC}") = "ConsoleApp1", "ConsoleApp1\ConsoleApp1.csproj", "{A77E7A0E-7AA2-4C1F-992C-B295614CC5DE}"
EndProject
Global
	GlobalSection(SolutionConfigurationPlatforms) = preSolution
		Debug|Any CPU = Debug|Any CPU
		Release|Any CPU = Release|Any CPU
	EndGlobalSection
	GlobalSection(ProjectConfigurationPlatforms) = postSolution
		{A77E7A0E-7AA2-4C1F-992C-B295614CC5DE}.Debug|Any CPU.ActiveCfg = Debug|Any CPU
		{A77E7A0E-7AA2-4C1F-992C-B295614CC5DE}.Debug|Any CPU.Build.0 = Debug|Any CPU
		{A77E7A0E-7AA2-4C1F-992C-B295614CC5DE}.Release|Any CPU.ActiveCfg = Release|Any CPU
		{A77E7A0E-7AA2-4C1F-992C-B295614CC5DE}.Release|Any CPU.Build.0 = Release|Any CPU
	EndGlobalSection
	GlobalSection(SolutionProperties) = preSolution
		HideSolutionNode = FALSE
	EndGlobalSection
	GlobalSection(ExtensibilityGlobals) = postSolution
		SolutionGuid = {E3C5DF6B-4651-4264-BFF8-AD9AA6E3769D}
	EndGlobalSection
EndGlobal
